
Microsoft Visual Studio Solution File, Format Version 12.00
# Visual Studio Version 17
VisualStudioVersion = 17.6.33723.286
MinimumVisualStudioVersion = 10.0.40219.1
Project("{8BC9CEB8-8B4A-11D0-8D11-00A0C91BC942}") = "SDLGAME", "SDLGAME\SDLGAME.vcxproj", "{FA495A63-05F7-4D81-AD69-1C5ACA5B0E88}"
EndProject
Global
	GlobalSection(SolutionConfigurationPlatforms) = preSolution
		Debug|x64 = Debug|x64
		Debug|x86 = Debug|x86
		Release|x64 = Release|x64
		Release|x86 = Release|x86
	EndGlobalSection
	GlobalSection(ProjectConfigurationPlatforms) = postSolution
		{FA495A63-05F7-4D81-AD69-1C5ACA5B0E88}.Debug|x64.ActiveCfg = Debug|x64
		{FA495A63-05F7-4D81-AD69-1C5ACA5B0E88}.Debug|x64.Build.0 = Debug|x64
		{FA495A63-05F7-4D81-AD69-1C5ACA5B0E88}.Debug|x86.ActiveCfg = Debug|Win32
		{FA495A63-05F7-4D81-AD69-1C5ACA5B0E88}.Debug|x86.Build.0 = Debug|Win32
		{FA495A63-05F7-4D81-AD69-1C5ACA5B0E88}.Release|x64.ActiveCfg = Release|x64
		{FA495A63-05F7-4D81-AD69-1C5ACA5B0E88}.Release|x64.Build.0 = Release|x64
		{FA495A63-05F7-4D81-AD69-1C5ACA5B0E88}.Release|x86.ActiveCfg = Release|Win32
		{FA495A63-05F7-4D81-AD69-1C5ACA5B0E88}.Release|x86.Build.0 = Release|Win32
	EndGlobalSection
	GlobalSection(SolutionProperties) = preSolution
		HideSolutionNode = FALSE
	EndGlobalSection
	GlobalSection(ExtensibilityGlobals) = postSolution
		SolutionGuid = {6526D341-892C-477E-B537-6C6CF7CAD62C}
	EndGlobalSection
EndGlobal
